
Microsoft Visual Studio Solution File, Format Version 12.00
# Visual Studio 15
VisualStudioVersion = 15.0.27004.2010
MinimumVisualStudioVersion = 10.0.40219.1
Project("{9A19103F-16F7-4668-BE54-9A1E7A4F7556}") = "Vendor.Travel.Logic.Tests", "Vendor.Travel.Logic.Tests\Vendor.Travel.Logic.Tests.csproj", "{C29DB1D5-2346-44CA-82C6-09FA13AB3CB5}"
EndProject
Project("{9A19103F-16F7-4668-BE54-9A1E7A4F7556}") = "Vendor.Travel.Interfaces", "Vendor.Travel.Interfaces\Vendor.Travel.Interfaces.csproj", "{B55AD392-0530-4D56-B7F7-6CF673565726}"
EndProject
Project("{9A19103F-16F7-4668-BE54-9A1E7A4F7556}") = "Vendor.Travel.Logic", "Vendor.Travel.Logic\Vendor.Travel.Logic.csproj", "{988CBCD5-FC83-4F90-A4AE-59DE2B4B69D3}"
EndProject
Global
	GlobalSection(SolutionConfigurationPlatforms) = preSolution
		Debug|Any CPU = Debug|Any CPU
		Release|Any CPU = Release|Any CPU
	EndGlobalSection
	GlobalSection(ProjectConfigurationPlatforms) = postSolution
		{C29DB1D5-2346-44CA-82C6-09FA13AB3CB5}.Debug|Any CPU.ActiveCfg = Debug|Any CPU
		{C29DB1D5-2346-44CA-82C6-09FA13AB3CB5}.Debug|Any CPU.Build.0 = Debug|Any CPU
		{C29DB1D5-2346-44CA-82C6-09FA13AB3CB5}.Release|Any CPU.ActiveCfg = Release|Any CPU
		{C29DB1D5-2346-44CA-82C6-09FA13AB3CB5}.Release|Any CPU.Build.0 = Release|Any CPU
		{B55AD392-0530-4D56-B7F7-6CF673565726}.Debug|Any CPU.ActiveCfg = Debug|Any CPU
		{B55AD392-0530-4D56-B7F7-6CF673565726}.Debug|Any CPU.Build.0 = Debug|Any CPU
		{B55AD392-0530-4D56-B7F7-6CF673565726}.Release|Any CPU.ActiveCfg = Release|Any CPU
		{B55AD392-0530-4D56-B7F7-6CF673565726}.Release|Any CPU.Build.0 = Release|Any CPU
		{988CBCD5-FC83-4F90-A4AE-59DE2B4B69D3}.Debug|Any CPU.ActiveCfg = Debug|Any CPU
		{988CBCD5-FC83-4F90-A4AE-59DE2B4B69D3}.Debug|Any CPU.Build.0 = Debug|Any CPU
		{988CBCD5-FC83-4F90-A4AE-59DE2B4B69D3}.Release|Any CPU.ActiveCfg = Release|Any CPU
		{988CBCD5-FC83-4F90-A4AE-59DE2B4B69D3}.Release|Any CPU.Build.0 = Release|Any CPU
	EndGlobalSection
	GlobalSection(SolutionProperties) = preSolution
		HideSolutionNode = FALSE
	EndGlobalSection
	GlobalSection(ExtensibilityGlobals) = postSolution
		SolutionGuid = {7344C7B5-15B9-4E69-BF6C-81CD2342D8BC}
	EndGlobalSection
EndGlobal
